
Microsoft Visual Studio Solution File, Format Version 12.00
# Visual Studio Version 17
VisualStudioVersion = 17.0.31903.59
MinimumVisualStudioVersion = 10.0.40219.1
Project("{FAE04EC0-301F-11D3-BF4B-00C04F79EFBC}") = "BlazorStudents", "BlazorStudents\BlazorStudents.csproj", "{4F421954-AC82-4D96-8CEC-1AB02C3CA337}"
EndProject
Project("{FAE04EC0-301F-11D3-BF4B-00C04F79EFBC}") = "StudentFunctions", "StudentFunctions\StudentFunctions.csproj", "{C25B128F-04E5-47A5-98DA-C45170F4B855}"
EndProject
Project("{FAE04EC0-301F-11D3-BF4B-00C04F79EFBC}") = "StudentLibrary", "StudentLibrary\StudentLibrary.csproj", "{8A2D3563-F6EA-4672-81B9-CEEE2A14B97C}"
EndProject
Global
	GlobalSection(SolutionConfigurationPlatforms) = preSolution
		Debug|Any CPU = Debug|Any CPU
		Release|Any CPU = Release|Any CPU
	EndGlobalSection
	GlobalSection(SolutionProperties) = preSolution
		HideSolutionNode = FALSE
	EndGlobalSection
	GlobalSection(ProjectConfigurationPlatforms) = postSolution
		{4F421954-AC82-4D96-8CEC-1AB02C3CA337}.Debug|Any CPU.ActiveCfg = Debug|Any CPU
		{4F421954-AC82-4D96-8CEC-1AB02C3CA337}.Debug|Any CPU.Build.0 = Debug|Any CPU
		{4F421954-AC82-4D96-8CEC-1AB02C3CA337}.Release|Any CPU.ActiveCfg = Release|Any CPU
		{4F421954-AC82-4D96-8CEC-1AB02C3CA337}.Release|Any CPU.Build.0 = Release|Any CPU
		{C25B128F-04E5-47A5-98DA-C45170F4B855}.Debug|Any CPU.ActiveCfg = Debug|Any CPU
		{C25B128F-04E5-47A5-98DA-C45170F4B855}.Debug|Any CPU.Build.0 = Debug|Any CPU
		{C25B128F-04E5-47A5-98DA-C45170F4B855}.Release|Any CPU.ActiveCfg = Release|Any CPU
		{C25B128F-04E5-47A5-98DA-C45170F4B855}.Release|Any CPU.Build.0 = Release|Any CPU
		{8A2D3563-F6EA-4672-81B9-CEEE2A14B97C}.Debug|Any CPU.ActiveCfg = Debug|Any CPU
		{8A2D3563-F6EA-4672-81B9-CEEE2A14B97C}.Debug|Any CPU.Build.0 = Debug|Any CPU
		{8A2D3563-F6EA-4672-81B9-CEEE2A14B97C}.Release|Any CPU.ActiveCfg = Release|Any CPU
		{8A2D3563-F6EA-4672-81B9-CEEE2A14B97C}.Release|Any CPU.Build.0 = Release|Any CPU
	EndGlobalSection
EndGlobal
